
Microsoft Visual Studio Solution File, Format Version 12.00
# Visual Studio 15
VisualStudioVersion = 15.0.27004.2005
MinimumVisualStudioVersion = 10.0.40219.1
Project("{FAE04EC0-301F-11D3-BF4B-00C04F79EFBC}") = "IssueTran", "IssueTran.csproj", "{F1620BE5-4EA6-4DF5-94D1-A713921CDA46}"
EndProject
Global
	GlobalSection(SolutionConfigurationPlatforms) = preSolution
		Debug|Any CPU = Debug|Any CPU
		Release|Any CPU = Release|Any CPU
	EndGlobalSection
	GlobalSection(ProjectConfigurationPlatforms) = postSolution
		{F1620BE5-4EA6-4DF5-94D1-A713921CDA46}.Debug|Any CPU.ActiveCfg = Debug|Any CPU
		{F1620BE5-4EA6-4DF5-94D1-A713921CDA46}.Debug|Any CPU.Build.0 = Debug|Any CPU
		{F1620BE5-4EA6-4DF5-94D1-A713921CDA46}.Release|Any CPU.ActiveCfg = Release|Any CPU
		{F1620BE5-4EA6-4DF5-94D1-A713921CDA46}.Release|Any CPU.Build.0 = Release|Any CPU
	EndGlobalSection
	GlobalSection(SolutionProperties) = preSolution
		HideSolutionNode = FALSE
	EndGlobalSection
	GlobalSection(ExtensibilityGlobals) = postSolution
		SolutionGuid = {3B5861E3-360B-40A2-B641-238453F5FE1F}
	EndGlobalSection
EndGlobal
